github.com/tarmac-project/hord v0.8.2 h1:+rY5s8tnTZAaa8fVeDHlzeyMEYNhNz4JLNKDclB803g=
github.com/tarmac-project/hord v0.8.2/go.mod h1:b46vLVFfL9G/WG5BYNTNoordvQ9wQ+ibs1/Fn4v0vkE=
github.com/tarmac-project/hord/drivers/hashmap v0.8.1 h1:WFKs4wcpxtOL8mc7bD18EiCCgOuG+yfVhuR5K3d6u1M=
github.com/tarmac-project/hord/drivers/hashmap v0.8.1/go.mod h1:yIqIkXmuvnCaKusOkfczZsaMsdSpDUvGzIISPCFG/No=
github.com/tarmac-project/hord/drivers/mock v0.6.4 h1:RUGzE+3TE24oK1HdfWoh5Ui+uc74Ezc8hSnjuJEk+9g=
github.com/tarmac-project/hord/drivers/mock v0.6.4/go.mod h1:4HnA9ZGIOlqeTZ9TvTtNVrwWIHvtPcqQfeKI0gIybRM=
gopkg.in/check.v1 v0.0.0-20161208181325-20d25e280405 h1:yhCVgyC4o1eVCa2tZl7eS0r+SDo693bJlVdllGtEeKM=
gopkg.in/check.v1 v0.0.0-20161208181325-20d25e280405/go.mod h1:Co6ibVJAznAaIkqp8huTwlJQCZ016jof/cbN4VW5Yz0=
gopkg.in/yaml.v3 v3.0.1 h1:fxVm/GzAzEWqLHuvctI91KS9hhNmmWOoWu0XTYJS7CA=
gopkg.in/yaml.v3 v3.0.1/go.mod h1:K4uyk7z7BCEPqu6E+C64Yfv1cQ7kz7rIZviUmN+EgEM=
