github.com/tarmac-project/hord v0.5.0 h1:jIhq0szOyj2q+SMXA6o4pAR4NJVY9NKKr3Ow7bKfPnA=
github.com/tarmac-project/hord v0.5.0/go.mod h1:b46vLVFfL9G/WG5BYNTNoordvQ9wQ+ibs1/Fn4v0vkE=
github.com/tarmac-project/hord/drivers/hashmap v0.5.0 h1:tMkwh52N0oIYP4jHobHpte2f4rg2OceJVb9DDK6ER/Y=
github.com/tarmac-project/hord/drivers/hashmap v0.5.0/go.mod h1:Dy4kCdSwpbdI8vtkz+05s50UDAVb780M7YKWr/3FLNs=
github.com/tarmac-project/hord/drivers/mock v0.5.0 h1:CV/OYlKE+i/MsMYyG+jhT0aN+T8nFWKkaTqsaFedZ30=
github.com/tarmac-project/hord/drivers/mock v0.5.0/go.mod h1:fTnYOoMJjRa+i38Z2gS7ADCzXVmQNWI2YDUq2Ym/sNk=
gopkg.in/check.v1 v0.0.0-20161208181325-20d25e280405 h1:yhCVgyC4o1eVCa2tZl7eS0r+SDo693bJlVdllGtEeKM=
gopkg.in/check.v1 v0.0.0-20161208181325-20d25e280405/go.mod h1:Co6ibVJAznAaIkqp8huTwlJQCZ016jof/cbN4VW5Yz0=
gopkg.in/yaml.v3 v3.0.1 h1:fxVm/GzAzEWqLHuvctI91KS9hhNmmWOoWu0XTYJS7CA=
gopkg.in/yaml.v3 v3.0.1/go.mod h1:K4uyk7z7BCEPqu6E+C64Yfv1cQ7kz7rIZviUmN+EgEM=
