github.com/FZambia/sentinel v1.1.1 h1:0ovTimlR7Ldm+wR15GgO+8C2dt7kkn+tm3PQS+Qk3Ek=
github.com/FZambia/sentinel v1.1.1/go.mod h1:ytL1Am/RLlAoAXG6Kj5LNuw/TRRQrv2rt2FT26vP5gI=
github.com/bitly/go-hostpool v0.0.0-20171023180738-a3a6125de932 h1:mXoPYz/Ul5HYEDvkta6I8/rnYM5gSdSV2tJ6XbZuEtY=
github.com/bitly/go-hostpool v0.0.0-20171023180738-a3a6125de932/go.mod h1:NOuUCSz6Q9T7+igc/hlvDOUdtWKryOrtFyIVABv/p7k=
github.com/bmizerany/assert v0.0.0-20160611221934-b7ed37b82869 h1:DDGfHa7BWjL4YnC6+E63dPcxHo2sUxDIu8g3QgEJdRY=
github.com/bmizerany/assert v0.0.0-20160611221934-b7ed37b82869/go.mod h1:Ekp36dRnpXw/yCqJaO+ZrUyxD+3VXMFFr56k5XYrpB4=
github.com/davecgh/go-spew v1.1.0/go.mod h1:J7Y8YcW2NihsgmVo/mv3lAwl/skON4iLHjSsI+c5H38=
github.com/davecgh/go-spew v1.1.1 h1:vj9j/u1bqnvCEfJOwUhtlOARqs3+rkHYY13jYWTU97c=
github.com/gocql/gocql v1.6.0 h1:IdFdOTbnpbd0pDhl4REKQDM+Q0SzKXQ1Yh+YZZ8T/qU=
github.com/gocql/gocql v1.6.0/go.mod h1:3gM2c4D3AnkISwBxGnMMsS8Oy4y2lhbPRsH4xnJrHG8=
github.com/golang/snappy v0.0.3/go.mod h1:/XxbfmMg8lxefKM7IXC3fBNl/7bRcc72aCRzEWrmP2Q=
github.com/golang/snappy v0.0.4 h1:yAGX7huGHXlcLOEtBnF4w7FQwA26wojNCwOYAEhLjQM=
github.com/golang/snappy v0.0.4/go.mod h1:/XxbfmMg8lxefKM7IXC3fBNl/7bRcc72aCRzEWrmP2Q=
github.com/gomodule/redigo v1.9.2 h1:HrutZBLhSIU8abiSfW8pj8mPhOyMYjZT/wcA4/L9L9s=
github.com/gomodule/redigo v1.9.2/go.mod h1:KsU3hiK/Ay8U42qpaJk+kuNa3C+spxapWpM+ywhcgtw=
github.com/hailocab/go-hostpool v0.0.0-20160125115350-e80d13ce29ed h1:5upAirOpQc1Q53c0bnx2ufif5kANL7bfZWcc6VJWJd8=
github.com/hailocab/go-hostpool v0.0.0-20160125115350-e80d13ce29ed/go.mod h1:tMWxXQ9wFIaZeTI9F+hmhFiGpFmhOHzyShyFUhRm0H4=
github.com/kr/pretty v0.1.0/go.mod h1:dAy3ld7l9f0ibDNOQOHHMYYIIbhfbHSm3C4ZsoJORNo=
github.com/kr/pretty v0.3.1 h1:flRD4NNwYAUpkphVc1HcthR4KEIFJ65n8Mw5qdRn3LE=
github.com/kr/pty v1.1.1/go.mod h1:pFQYn66WHrOpPYNljwOMqo10TkYh1fy3cYio2l3bCsQ=
github.com/kr/text v0.1.0 h1:45sCR5RtlFHMR4UwH9sdQ5TC8v0qDQCHnXt+kaKSTVE=
github.com/kr/text v0.1.0/go.mod h1:4Jbv+DJW3UT/LiOwJeYQe1efqtUx/iVham/4vfdArNI=
github.com/madflojo/hord v0.3.0 h1:uq1u2EiOhKhiA7vSLm22I54MxUOTYaD0A8Btf62+iwM=
github.com/madflojo/hord v0.3.0/go.mod h1:wXy4XFyefuQIRSuVyNQJkfJVDRpXGv23yElKuBQUdoY=
github.com/pmezard/go-difflib v1.0.0 h1:4DBwDE0NGyQoBHbLQYPwSUPoCMWR5BEzIk/f1lZbAQM=
github.com/pmezard/go-difflib v1.0.0/go.mod h1:iKH77koFhYxTK1pcRnkKkqfTogsbg7gZNVY4sRDYZ/4=
github.com/rogpeppe/go-internal v1.12.0 h1:exVL4IDcn6na9z1rAb56Vxr+CgyK3nn3O+epU5NdKM8=
github.com/rogpeppe/go-internal v1.12.0/go.mod h1:E+RYuTGaKKdloAfM02xzb0FW3Paa99yedzYV+kq4uf4=
github.com/stretchr/objx v0.1.0/go.mod h1:HFkY916IF+rwdDfMAkV7OtwuqBVzrE8GR6GFx+wExME=
github.com/stretchr/testify v1.3.0/go.mod h1:M5WIy9Dh21IEIfnGCwXGc5bZfKNJtfHm1UVUgZn+9EI=
github.com/stretchr/testify v1.8.4 h1:CcVxjf3Q8PM0mHUKJCdn+eZZtm5yQwehR5yeSVQQcUk=
github.com/tarmac-project/hord v0.4.0 h1:8ezVc4PULcr9lDWX8zaZaCIunWR1ef50Lz88o7CzkaM=
github.com/tarmac-project/hord v0.4.0/go.mod h1:b46vLVFfL9G/WG5BYNTNoordvQ9wQ+ibs1/Fn4v0vkE=
github.com/tarmac-project/hord/cache/lookaside v0.4.0 h1:G8LwniB4SAJgtlsoKt1txcC+n8OY0UOIEbCoP8+E9u8=
github.com/tarmac-project/hord/cache/lookaside v0.4.0/go.mod h1:yxta3BkvlBEUUygnYbNnbfBTBJlRtRrRUk+u8uCSvRQ=
github.com/tarmac-project/hord/drivers/cassandra v0.4.0 h1:E9OF86LGAMhV4yRCevlIrAcPMl4Kx17iTngoUP9cdZI=
github.com/tarmac-project/hord/drivers/cassandra v0.4.0/go.mod h1:BmELPMm+KgOXiMj8iKfa6U5CIpEDlCWe4uVpXqLIf1o=
github.com/tarmac-project/hord/drivers/hashmap v0.4.0 h1:n0Cb9V/KfSIyjX7KuXbgypT7O53flLwwt4jPIJ5UJAA=
github.com/tarmac-project/hord/drivers/hashmap v0.4.0/go.mod h1:67seMbQzJ4fyhR93BoM9TYkfaememCDpWY6HZCNJCzk=
github.com/tarmac-project/hord/drivers/mock v0.4.0 h1:S+hsLidS+r9LZ2FPYnpUgjpmWh1dVN0aQKBGWoG7kGE=
github.com/tarmac-project/hord/drivers/mock v0.4.0/go.mod h1:cVpmCKL3jTo4/JU5wmCVKVyb0sAaLKbnM8mvlWb4hzU=
github.com/tarmac-project/hord/drivers/redis v0.4.0 h1:Pj3oWzS0oOD6EKdqFdADzBmOFaxCJuV18X/jngyo1qE=
github.com/tarmac-project/hord/drivers/redis v0.4.0/go.mod h1:Wak3REtuIOcjaCHnrMKBPEhkndtFsRWzZKqrjwPFIsk=
gopkg.in/check.v1 v0.0.0-20161208181325-20d25e280405/go.mod h1:Co6ibVJAznAaIkqp8huTwlJQCZ016jof/cbN4VW5Yz0=
gopkg.in/check.v1 v1.0.0-20180628173108-788fd7840127 h1:qIbj1fsPNlZgppZ+VLlY7N33q108Sa+fhmuc+sWQYwY=
gopkg.in/inf.v0 v0.9.1 h1:73M5CoZyi3ZLMOyDlQh031Cx6N9NDJ2Vvfl76EDAgDc=
gopkg.in/inf.v0 v0.9.1/go.mod h1:cWUDdTG/fYaXco+Dcufb5Vnc6Gp2YChqWtbxRZE0mXw=
gopkg.in/yaml.v3 v3.0.1 h1:fxVm/GzAzEWqLHuvctI91KS9hhNmmWOoWu0XTYJS7CA=
gopkg.in/yaml.v3 v3.0.1/go.mod h1:K4uyk7z7BCEPqu6E+C64Yfv1cQ7kz7rIZviUmN+EgEM=
